
Microsoft Visual Studio Solution File, Format Version 12.00
# Visual Studio Version 16
VisualStudioVersion = 16.0.29613.14
MinimumVisualStudioVersion = 10.0.40219.1
Project("{9A19103F-16F7-4668-BE54-9A1E7A4F7556}") = "KNote.Client", "KNote\Client\KNote.Client.csproj", "{A2AC312F-0642-4DF8-99D7-79A8C8A2CD3C}"
EndProject
Project("{9A19103F-16F7-4668-BE54-9A1E7A4F7556}") = "KNote.Server", "KNote\Server\KNote.Server.csproj", "{1AB0E85F-E172-4491-87BF-9EACAA8F1804}"
EndProject
Project("{9A19103F-16F7-4668-BE54-9A1E7A4F7556}") = "KNote.Model", "KNote\Model\KNote.Model.csproj", "{15E9540B-820A-4432-A8D1-D5495C8B3072}"
EndProject
Project("{9A19103F-16F7-4668-BE54-9A1E7A4F7556}") = "KNote.Service", "KNote\Service\KNote.Service.csproj", "{A8A7811E-EDA9-4CDA-BC4A-DD7C513E0F49}"
EndProject
Project("{9A19103F-16F7-4668-BE54-9A1E7A4F7556}") = "KNote.Repository", "KNote\Repository\KNote.Repository.csproj", "{80CF9FFB-5B5A-48B3-8129-43CB2BD77F3F}"
EndProject
Project("{9A19103F-16F7-4668-BE54-9A1E7A4F7556}") = "KNote.Repository.EntityFramework", "KNote\Repository.EntityFramework\KNote.Repository.EntityFramework.csproj", "{34FADD12-B8F1-4A16-97FC-5870D752B683}"
EndProject
Project("{FAE04EC0-301F-11D3-BF4B-00C04F79EFBC}") = "KNote.Repository.Dapper", "KNote\Repository.Dapper\KNote.Repository.Dapper.csproj", "{71D8ABD0-1F81-4F91-812E-CA327D39BACE}"
EndProject
Global
	GlobalSection(SolutionConfigurationPlatforms) = preSolution
		Debug|Any CPU = Debug|Any CPU
		Release|Any CPU = Release|Any CPU
	EndGlobalSection
	GlobalSection(ProjectConfigurationPlatforms) = postSolution
		{A2AC312F-0642-4DF8-99D7-79A8C8A2CD3C}.Debug|Any CPU.ActiveCfg = Debug|Any CPU
		{A2AC312F-0642-4DF8-99D7-79A8C8A2CD3C}.Debug|Any CPU.Build.0 = Debug|Any CPU
		{A2AC312F-0642-4DF8-99D7-79A8C8A2CD3C}.Release|Any CPU.ActiveCfg = Release|Any CPU
		{A2AC312F-0642-4DF8-99D7-79A8C8A2CD3C}.Release|Any CPU.Build.0 = Release|Any CPU
		{1AB0E85F-E172-4491-87BF-9EACAA8F1804}.Debug|Any CPU.ActiveCfg = Debug|Any CPU
		{1AB0E85F-E172-4491-87BF-9EACAA8F1804}.Debug|Any CPU.Build.0 = Debug|Any CPU
		{1AB0E85F-E172-4491-87BF-9EACAA8F1804}.Release|Any CPU.ActiveCfg = Release|Any CPU
		{1AB0E85F-E172-4491-87BF-9EACAA8F1804}.Release|Any CPU.Build.0 = Release|Any CPU
		{15E9540B-820A-4432-A8D1-D5495C8B3072}.Debug|Any CPU.ActiveCfg = Debug|Any CPU
		{15E9540B-820A-4432-A8D1-D5495C8B3072}.Debug|Any CPU.Build.0 = Debug|Any CPU
		{15E9540B-820A-4432-A8D1-D5495C8B3072}.Release|Any CPU.ActiveCfg = Release|Any CPU
		{15E9540B-820A-4432-A8D1-D5495C8B3072}.Release|Any CPU.Build.0 = Release|Any CPU
		{A8A7811E-EDA9-4CDA-BC4A-DD7C513E0F49}.Debug|Any CPU.ActiveCfg = Debug|Any CPU
		{A8A7811E-EDA9-4CDA-BC4A-DD7C513E0F49}.Debug|Any CPU.Build.0 = Debug|Any CPU
		{A8A7811E-EDA9-4CDA-BC4A-DD7C513E0F49}.Release|Any CPU.ActiveCfg = Release|Any CPU
		{A8A7811E-EDA9-4CDA-BC4A-DD7C513E0F49}.Release|Any CPU.Build.0 = Release|Any CPU
		{80CF9FFB-5B5A-48B3-8129-43CB2BD77F3F}.Debug|Any CPU.ActiveCfg = Debug|Any CPU
		{80CF9FFB-5B5A-48B3-8129-43CB2BD77F3F}.Debug|Any CPU.Build.0 = Debug|Any CPU
		{80CF9FFB-5B5A-48B3-8129-43CB2BD77F3F}.Release|Any CPU.ActiveCfg = Release|Any CPU
		{80CF9FFB-5B5A-48B3-8129-43CB2BD77F3F}.Release|Any CPU.Build.0 = Release|Any CPU
		{34FADD12-B8F1-4A16-97FC-5870D752B683}.Debug|Any CPU.ActiveCfg = Debug|Any CPU
		{34FADD12-B8F1-4A16-97FC-5870D752B683}.Debug|Any CPU.Build.0 = Debug|Any CPU
		{34FADD12-B8F1-4A16-97FC-5870D752B683}.Release|Any CPU.ActiveCfg = Release|Any CPU
		{34FADD12-B8F1-4A16-97FC-5870D752B683}.Release|Any CPU.Build.0 = Release|Any CPU
		{71D8ABD0-1F81-4F91-812E-CA327D39BACE}.Debug|Any CPU.ActiveCfg = Debug|Any CPU
		{71D8ABD0-1F81-4F91-812E-CA327D39BACE}.Debug|Any CPU.Build.0 = Debug|Any CPU
		{71D8ABD0-1F81-4F91-812E-CA327D39BACE}.Release|Any CPU.ActiveCfg = Release|Any CPU
		{71D8ABD0-1F81-4F91-812E-CA327D39BACE}.Release|Any CPU.Build.0 = Release|Any CPU
	EndGlobalSection
	GlobalSection(SolutionProperties) = preSolution
		HideSolutionNode = FALSE
	EndGlobalSection
	GlobalSection(ExtensibilityGlobals) = postSolution
		SolutionGuid = {2F62C74D-3D82-40FF-8114-7E556CBFAA69}
	EndGlobalSection
EndGlobal
