
Microsoft Visual Studio Solution File, Format Version 12.00
# Visual Studio Version 16
VisualStudioVersion = 16.0.29613.14
MinimumVisualStudioVersion = 10.0.40219.1
Project("{9A19103F-16F7-4668-BE54-9A1E7A4F7556}") = "KNote.Client", "KNote\Client\KNote.Client.csproj", "{A2AC312F-0642-4DF8-99D7-79A8C8A2CD3C}"
EndProject
Project("{9A19103F-16F7-4668-BE54-9A1E7A4F7556}") = "KNote.Server", "KNote\Server\KNote.Server.csproj", "{1AB0E85F-E172-4491-87BF-9EACAA8F1804}"
EndProject
Project("{9A19103F-16F7-4668-BE54-9A1E7A4F7556}") = "KNote.Shared", "KNote\Shared\KNote.Shared.csproj", "{EDF4576E-ABA8-4745-9979-280CB601B195}"
EndProject
Project("{9A19103F-16F7-4668-BE54-9A1E7A4F7556}") = "DomainModel", "KNote\DomainModel\DomainModel.csproj", "{4283E402-FCC3-4CC6-B58D-D1398CF807DC}"
EndProject
Global
	GlobalSection(SolutionConfigurationPlatforms) = preSolution
		Debug|Any CPU = Debug|Any CPU
		Release|Any CPU = Release|Any CPU
	EndGlobalSection
	GlobalSection(ProjectConfigurationPlatforms) = postSolution
		{A2AC312F-0642-4DF8-99D7-79A8C8A2CD3C}.Debug|Any CPU.ActiveCfg = Debug|Any CPU
		{A2AC312F-0642-4DF8-99D7-79A8C8A2CD3C}.Debug|Any CPU.Build.0 = Debug|Any CPU
		{A2AC312F-0642-4DF8-99D7-79A8C8A2CD3C}.Release|Any CPU.ActiveCfg = Release|Any CPU
		{A2AC312F-0642-4DF8-99D7-79A8C8A2CD3C}.Release|Any CPU.Build.0 = Release|Any CPU
		{1AB0E85F-E172-4491-87BF-9EACAA8F1804}.Debug|Any CPU.ActiveCfg = Debug|Any CPU
		{1AB0E85F-E172-4491-87BF-9EACAA8F1804}.Debug|Any CPU.Build.0 = Debug|Any CPU
		{1AB0E85F-E172-4491-87BF-9EACAA8F1804}.Release|Any CPU.ActiveCfg = Release|Any CPU
		{1AB0E85F-E172-4491-87BF-9EACAA8F1804}.Release|Any CPU.Build.0 = Release|Any CPU
		{EDF4576E-ABA8-4745-9979-280CB601B195}.Debug|Any CPU.ActiveCfg = Debug|Any CPU
		{EDF4576E-ABA8-4745-9979-280CB601B195}.Debug|Any CPU.Build.0 = Debug|Any CPU
		{EDF4576E-ABA8-4745-9979-280CB601B195}.Release|Any CPU.ActiveCfg = Release|Any CPU
		{EDF4576E-ABA8-4745-9979-280CB601B195}.Release|Any CPU.Build.0 = Release|Any CPU
		{4283E402-FCC3-4CC6-B58D-D1398CF807DC}.Debug|Any CPU.ActiveCfg = Debug|Any CPU
		{4283E402-FCC3-4CC6-B58D-D1398CF807DC}.Debug|Any CPU.Build.0 = Debug|Any CPU
		{4283E402-FCC3-4CC6-B58D-D1398CF807DC}.Release|Any CPU.ActiveCfg = Release|Any CPU
		{4283E402-FCC3-4CC6-B58D-D1398CF807DC}.Release|Any CPU.Build.0 = Release|Any CPU
	EndGlobalSection
	GlobalSection(SolutionProperties) = preSolution
		HideSolutionNode = FALSE
	EndGlobalSection
	GlobalSection(ExtensibilityGlobals) = postSolution
		SolutionGuid = {2F62C74D-3D82-40FF-8114-7E556CBFAA69}
	EndGlobalSection
EndGlobal
