
Microsoft Visual Studio Solution File, Format Version 12.00
# Visual Studio Version 16
VisualStudioVersion = 16.0.29613.14
MinimumVisualStudioVersion = 10.0.40219.1
Project("{FAE04EC0-301F-11D3-BF4B-00C04F79EFBC}") = "KNote.Server", "KNote\Server\KNote.Server.csproj", "{B7DC6E7A-DCFE-470C-BF9B-ED2621840DCC}"
EndProject
Project("{FAE04EC0-301F-11D3-BF4B-00C04F79EFBC}") = "KNote.Client", "KNote\Client\KNote.Client.csproj", "{23498C99-E06B-4E10-B85F-BE13F2FCCA90}"
EndProject
Project("{FAE04EC0-301F-11D3-BF4B-00C04F79EFBC}") = "KNote.Shared", "KNote\Shared\KNote.Shared.csproj", "{CC1DB37B-70A0-4318-8053-01E9E801594A}"
EndProject
Global
	GlobalSection(SolutionConfigurationPlatforms) = preSolution
		Debug|Any CPU = Debug|Any CPU
		Release|Any CPU = Release|Any CPU
	EndGlobalSection
	GlobalSection(ProjectConfigurationPlatforms) = postSolution
		{B7DC6E7A-DCFE-470C-BF9B-ED2621840DCC}.Debug|Any CPU.ActiveCfg = Debug|Any CPU
		{B7DC6E7A-DCFE-470C-BF9B-ED2621840DCC}.Debug|Any CPU.Build.0 = Debug|Any CPU
		{B7DC6E7A-DCFE-470C-BF9B-ED2621840DCC}.Release|Any CPU.ActiveCfg = Release|Any CPU
		{B7DC6E7A-DCFE-470C-BF9B-ED2621840DCC}.Release|Any CPU.Build.0 = Release|Any CPU
		{23498C99-E06B-4E10-B85F-BE13F2FCCA90}.Debug|Any CPU.ActiveCfg = Debug|Any CPU
		{23498C99-E06B-4E10-B85F-BE13F2FCCA90}.Debug|Any CPU.Build.0 = Debug|Any CPU
		{23498C99-E06B-4E10-B85F-BE13F2FCCA90}.Release|Any CPU.ActiveCfg = Release|Any CPU
		{23498C99-E06B-4E10-B85F-BE13F2FCCA90}.Release|Any CPU.Build.0 = Release|Any CPU
		{CC1DB37B-70A0-4318-8053-01E9E801594A}.Debug|Any CPU.ActiveCfg = Debug|Any CPU
		{CC1DB37B-70A0-4318-8053-01E9E801594A}.Debug|Any CPU.Build.0 = Debug|Any CPU
		{CC1DB37B-70A0-4318-8053-01E9E801594A}.Release|Any CPU.ActiveCfg = Release|Any CPU
		{CC1DB37B-70A0-4318-8053-01E9E801594A}.Release|Any CPU.Build.0 = Release|Any CPU
	EndGlobalSection
	GlobalSection(SolutionProperties) = preSolution
		HideSolutionNode = FALSE
	EndGlobalSection
	GlobalSection(ExtensibilityGlobals) = postSolution
		SolutionGuid = {364F4527-6DB1-4F8D-B34E-5556C00D52BA}
	EndGlobalSection
EndGlobal
