
Microsoft Visual Studio Solution File, Format Version 12.00
# Visual Studio Version 17
VisualStudioVersion = 17.6.33815.320
MinimumVisualStudioVersion = 10.0.40219.1
Project("{9A19103F-16F7-4668-BE54-9A1E7A4F7556}") = "KNote.Tests", "Tests\KNote.Tests.csproj", "{C7329216-3ED2-4B80-A540-34FA47CBC929}"
EndProject
Project("{9A19103F-16F7-4668-BE54-9A1E7A4F7556}") = "KNote.Model", "Model\KNote.Model.csproj", "{9E3798F4-44A8-42AB-9B2C-075A4EFE0C0B}"
EndProject
Global
	GlobalSection(SolutionConfigurationPlatforms) = preSolution
		Debug|Any CPU = Debug|Any CPU
		Release|Any CPU = Release|Any CPU
	EndGlobalSection
	GlobalSection(ProjectConfigurationPlatforms) = postSolution
		{C7329216-3ED2-4B80-A540-34FA47CBC929}.Debug|Any CPU.ActiveCfg = Debug|Any CPU
		{C7329216-3ED2-4B80-A540-34FA47CBC929}.Debug|Any CPU.Build.0 = Debug|Any CPU
		{C7329216-3ED2-4B80-A540-34FA47CBC929}.Release|Any CPU.ActiveCfg = Release|Any CPU
		{C7329216-3ED2-4B80-A540-34FA47CBC929}.Release|Any CPU.Build.0 = Release|Any CPU
		{9E3798F4-44A8-42AB-9B2C-075A4EFE0C0B}.Debug|Any CPU.ActiveCfg = Debug|Any CPU
		{9E3798F4-44A8-42AB-9B2C-075A4EFE0C0B}.Debug|Any CPU.Build.0 = Debug|Any CPU
		{9E3798F4-44A8-42AB-9B2C-075A4EFE0C0B}.Release|Any CPU.ActiveCfg = Release|Any CPU
		{9E3798F4-44A8-42AB-9B2C-075A4EFE0C0B}.Release|Any CPU.Build.0 = Release|Any CPU
	EndGlobalSection
	GlobalSection(SolutionProperties) = preSolution
		HideSolutionNode = FALSE
	EndGlobalSection
	GlobalSection(ExtensibilityGlobals) = postSolution
		SolutionGuid = {A2C94058-A445-44AD-82BE-0AE8C8C87490}
	EndGlobalSection
EndGlobal
