
Microsoft Visual Studio Solution File, Format Version 12.00
# Visual Studio Version 17
VisualStudioVersion = 17.0.32014.148
MinimumVisualStudioVersion = 10.0.40219.1
Project("{9A19103F-16F7-4668-BE54-9A1E7A4F7556}") = "KNote.Server", "Server\KNote.Server.csproj", "{1AB0E85F-E172-4491-87BF-9EACAA8F1804}"
EndProject
Project("{9A19103F-16F7-4668-BE54-9A1E7A4F7556}") = "KNote.Model", "Model\KNote.Model.csproj", "{15E9540B-820A-4432-A8D1-D5495C8B3072}"
EndProject
Project("{9A19103F-16F7-4668-BE54-9A1E7A4F7556}") = "KNote.Service", "Service\KNote.Service.csproj", "{A8A7811E-EDA9-4CDA-BC4A-DD7C513E0F49}"
EndProject
Project("{9A19103F-16F7-4668-BE54-9A1E7A4F7556}") = "KNote.Repository", "Repository\KNote.Repository.csproj", "{80CF9FFB-5B5A-48B3-8129-43CB2BD77F3F}"
EndProject
Project("{9A19103F-16F7-4668-BE54-9A1E7A4F7556}") = "KNote.Repository.EntityFramework", "Repository.EntityFramework\KNote.Repository.EntityFramework.csproj", "{34FADD12-B8F1-4A16-97FC-5870D752B683}"
EndProject
Project("{9A19103F-16F7-4668-BE54-9A1E7A4F7556}") = "KNote.Repository.Dapper", "Repository.Dapper\KNote.Repository.Dapper.csproj", "{71D8ABD0-1F81-4F91-812E-CA327D39BACE}"
EndProject
Project("{9A19103F-16F7-4668-BE54-9A1E7A4F7556}") = "KNote.ClientWin", "ClientWin\KNote.ClientWin.csproj", "{B24FE5A4-C25A-4A0D-A727-684745093323}"
EndProject
Project("{9A19103F-16F7-4668-BE54-9A1E7A4F7556}") = "KntScript", "KntScript\KntScript.csproj", "{7A4D3500-E29C-436C-994B-C8CF6B16B36F}"
EndProject
Project("{9A19103F-16F7-4668-BE54-9A1E7A4F7556}") = "KNote.Client", "Client\KNote.Client.csproj", "{4FB8FB01-9B7D-4984-B16C-6542D0597879}"
EndProject
Project("{2150E333-8FDC-42A3-9474-1A3956D46DE8}") = "Solution Items", "Solution Items", "{454A2129-3F57-4309-8D4C-EF45CAA10EB0}"
	ProjectSection(SolutionItems) = preProject
		.editorconfig = .editorconfig
	EndProjectSection
EndProject
Project("{9A19103F-16F7-4668-BE54-9A1E7A4F7556}") = "KntWebView", "KntWebView\KntWebView.csproj", "{DFD92433-B13E-4966-B74C-5C70E6C608D5}"
EndProject
Project("{9A19103F-16F7-4668-BE54-9A1E7A4F7556}") = "KNote.MessageBroker", "MessageBroker\KNote.MessageBroker.csproj", "{2AB16603-5C31-42BE-B7E7-B19AA1198017}"
EndProject
Project("{9A19103F-16F7-4668-BE54-9A1E7A4F7556}") = "KNote.MessageBroker.RabbitMQ", "MessageBroker.RabbitMQ\KNote.MessageBroker.RabbitMQ.csproj", "{7C2731F4-C548-40E3-95E2-EF6EF4F27DCB}"
EndProject
Project("{FAE04EC0-301F-11D3-BF4B-00C04F79EFBC}") = "HTMLEditorControl", "HtmlEditorControl\HTMLEditorControl.csproj", "{F12D3789-C466-4D13-B92A-4B810A6852F6}"
EndProject
Global
	GlobalSection(SolutionConfigurationPlatforms) = preSolution
		Debug|Any CPU = Debug|Any CPU
		Release|Any CPU = Release|Any CPU
	EndGlobalSection
	GlobalSection(ProjectConfigurationPlatforms) = postSolution
		{1AB0E85F-E172-4491-87BF-9EACAA8F1804}.Debug|Any CPU.ActiveCfg = Debug|Any CPU
		{1AB0E85F-E172-4491-87BF-9EACAA8F1804}.Debug|Any CPU.Build.0 = Debug|Any CPU
		{1AB0E85F-E172-4491-87BF-9EACAA8F1804}.Release|Any CPU.ActiveCfg = Release|Any CPU
		{1AB0E85F-E172-4491-87BF-9EACAA8F1804}.Release|Any CPU.Build.0 = Release|Any CPU
		{15E9540B-820A-4432-A8D1-D5495C8B3072}.Debug|Any CPU.ActiveCfg = Debug|Any CPU
		{15E9540B-820A-4432-A8D1-D5495C8B3072}.Debug|Any CPU.Build.0 = Debug|Any CPU
		{15E9540B-820A-4432-A8D1-D5495C8B3072}.Release|Any CPU.ActiveCfg = Release|Any CPU
		{15E9540B-820A-4432-A8D1-D5495C8B3072}.Release|Any CPU.Build.0 = Release|Any CPU
		{A8A7811E-EDA9-4CDA-BC4A-DD7C513E0F49}.Debug|Any CPU.ActiveCfg = Debug|Any CPU
		{A8A7811E-EDA9-4CDA-BC4A-DD7C513E0F49}.Debug|Any CPU.Build.0 = Debug|Any CPU
		{A8A7811E-EDA9-4CDA-BC4A-DD7C513E0F49}.Release|Any CPU.ActiveCfg = Release|Any CPU
		{A8A7811E-EDA9-4CDA-BC4A-DD7C513E0F49}.Release|Any CPU.Build.0 = Release|Any CPU
		{80CF9FFB-5B5A-48B3-8129-43CB2BD77F3F}.Debug|Any CPU.ActiveCfg = Debug|Any CPU
		{80CF9FFB-5B5A-48B3-8129-43CB2BD77F3F}.Debug|Any CPU.Build.0 = Debug|Any CPU
		{80CF9FFB-5B5A-48B3-8129-43CB2BD77F3F}.Release|Any CPU.ActiveCfg = Release|Any CPU
		{80CF9FFB-5B5A-48B3-8129-43CB2BD77F3F}.Release|Any CPU.Build.0 = Release|Any CPU
		{34FADD12-B8F1-4A16-97FC-5870D752B683}.Debug|Any CPU.ActiveCfg = Debug|Any CPU
		{34FADD12-B8F1-4A16-97FC-5870D752B683}.Debug|Any CPU.Build.0 = Debug|Any CPU
		{34FADD12-B8F1-4A16-97FC-5870D752B683}.Release|Any CPU.ActiveCfg = Release|Any CPU
		{34FADD12-B8F1-4A16-97FC-5870D752B683}.Release|Any CPU.Build.0 = Release|Any CPU
		{71D8ABD0-1F81-4F91-812E-CA327D39BACE}.Debug|Any CPU.ActiveCfg = Debug|Any CPU
		{71D8ABD0-1F81-4F91-812E-CA327D39BACE}.Debug|Any CPU.Build.0 = Debug|Any CPU
		{71D8ABD0-1F81-4F91-812E-CA327D39BACE}.Release|Any CPU.ActiveCfg = Release|Any CPU
		{71D8ABD0-1F81-4F91-812E-CA327D39BACE}.Release|Any CPU.Build.0 = Release|Any CPU
		{B24FE5A4-C25A-4A0D-A727-684745093323}.Debug|Any CPU.ActiveCfg = Debug|Any CPU
		{B24FE5A4-C25A-4A0D-A727-684745093323}.Debug|Any CPU.Build.0 = Debug|Any CPU
		{B24FE5A4-C25A-4A0D-A727-684745093323}.Release|Any CPU.ActiveCfg = Release|Any CPU
		{B24FE5A4-C25A-4A0D-A727-684745093323}.Release|Any CPU.Build.0 = Release|Any CPU
		{7A4D3500-E29C-436C-994B-C8CF6B16B36F}.Debug|Any CPU.ActiveCfg = Debug|Any CPU
		{7A4D3500-E29C-436C-994B-C8CF6B16B36F}.Debug|Any CPU.Build.0 = Debug|Any CPU
		{7A4D3500-E29C-436C-994B-C8CF6B16B36F}.Release|Any CPU.ActiveCfg = Release|Any CPU
		{7A4D3500-E29C-436C-994B-C8CF6B16B36F}.Release|Any CPU.Build.0 = Release|Any CPU
		{4FB8FB01-9B7D-4984-B16C-6542D0597879}.Debug|Any CPU.ActiveCfg = Debug|Any CPU
		{4FB8FB01-9B7D-4984-B16C-6542D0597879}.Debug|Any CPU.Build.0 = Debug|Any CPU
		{4FB8FB01-9B7D-4984-B16C-6542D0597879}.Release|Any CPU.ActiveCfg = Release|Any CPU
		{4FB8FB01-9B7D-4984-B16C-6542D0597879}.Release|Any CPU.Build.0 = Release|Any CPU
		{DFD92433-B13E-4966-B74C-5C70E6C608D5}.Debug|Any CPU.ActiveCfg = Debug|Any CPU
		{DFD92433-B13E-4966-B74C-5C70E6C608D5}.Debug|Any CPU.Build.0 = Debug|Any CPU
		{DFD92433-B13E-4966-B74C-5C70E6C608D5}.Release|Any CPU.ActiveCfg = Release|Any CPU
		{DFD92433-B13E-4966-B74C-5C70E6C608D5}.Release|Any CPU.Build.0 = Release|Any CPU
		{2AB16603-5C31-42BE-B7E7-B19AA1198017}.Debug|Any CPU.ActiveCfg = Debug|Any CPU
		{2AB16603-5C31-42BE-B7E7-B19AA1198017}.Debug|Any CPU.Build.0 = Debug|Any CPU
		{2AB16603-5C31-42BE-B7E7-B19AA1198017}.Release|Any CPU.ActiveCfg = Release|Any CPU
		{2AB16603-5C31-42BE-B7E7-B19AA1198017}.Release|Any CPU.Build.0 = Release|Any CPU
		{7C2731F4-C548-40E3-95E2-EF6EF4F27DCB}.Debug|Any CPU.ActiveCfg = Debug|Any CPU
		{7C2731F4-C548-40E3-95E2-EF6EF4F27DCB}.Debug|Any CPU.Build.0 = Debug|Any CPU
		{7C2731F4-C548-40E3-95E2-EF6EF4F27DCB}.Release|Any CPU.ActiveCfg = Release|Any CPU
		{7C2731F4-C548-40E3-95E2-EF6EF4F27DCB}.Release|Any CPU.Build.0 = Release|Any CPU
		{F12D3789-C466-4D13-B92A-4B810A6852F6}.Debug|Any CPU.ActiveCfg = Debug|Any CPU
		{F12D3789-C466-4D13-B92A-4B810A6852F6}.Debug|Any CPU.Build.0 = Debug|Any CPU
		{F12D3789-C466-4D13-B92A-4B810A6852F6}.Release|Any CPU.ActiveCfg = Release|Any CPU
		{F12D3789-C466-4D13-B92A-4B810A6852F6}.Release|Any CPU.Build.0 = Release|Any CPU
	EndGlobalSection
	GlobalSection(SolutionProperties) = preSolution
		HideSolutionNode = FALSE
	EndGlobalSection
	GlobalSection(ExtensibilityGlobals) = postSolution
		SolutionGuid = {2F62C74D-3D82-40FF-8114-7E556CBFAA69}
	EndGlobalSection
EndGlobal
